# This file was autogenerated by Stack.
# You should not edit this file by hand.
# For more information, please see the documentation at:
#   https://docs.haskellstack.org/en/stable/lock_files

packages:
- completed:
    cabal-file:
      size: 1597
      sha256: 88984f90c190f83d95eeaed576aadb6b94a7026c9055bfb62671f82cb16ffb49
    name: sdl2-gfx
    version: 1.0.0
    git: https://github.com/haskell-game/sdl2-gfx.git
    pantry-tree:
      size: 984
      sha256: 145a75d9f8b51cde01beed52454d1563ff9ec78307ab67b9a99c259585e55cff
    commit: a57e9cf2468f71c357f260f2264095516ea0d90d
  original:
    git: https://github.com/haskell-game/sdl2-gfx.git
    commit: a57e9cf2468f71c357f260f2264095516ea0d90d
snapshots:
- completed:
    size: 524789
    url: https://raw.githubusercontent.com/commercialhaskell/stackage-snapshots/master/lts/14/18.yaml
    sha256: 646be71223e08234131c6989912e6011e01b9767bc447b6d466a35e14360bdf2
  original: lts-14.18
